
Microsoft Visual Studio Solution File, Format Version 12.00
# Visual Studio Version 17
VisualStudioVersion = 17.8.34330.188
MinimumVisualStudioVersion = 10.0.40219.1
Project("{FAE04EC0-301F-11D3-BF4B-00C04F79EFBC}") = "W3R_1_25", "W3R_1_25\W3R_1_25.csproj", "{C63847FF-EDEF-44D8-BB5B-F51A0E5B26BF}"
EndProject
Global
	GlobalSection(SolutionConfigurationPlatforms) = preSolution
		Debug|Any CPU = Debug|Any CPU
		Release|Any CPU = Release|Any CPU
	EndGlobalSection
	GlobalSection(ProjectConfigurationPlatforms) = postSolution
		{C63847FF-EDEF-44D8-BB5B-F51A0E5B26BF}.Debug|Any CPU.ActiveCfg = Debug|Any CPU
		{C63847FF-EDEF-44D8-BB5B-F51A0E5B26BF}.Debug|Any CPU.Build.0 = Debug|Any CPU
		{C63847FF-EDEF-44D8-BB5B-F51A0E5B26BF}.Release|Any CPU.ActiveCfg = Release|Any CPU
		{C63847FF-EDEF-44D8-BB5B-F51A0E5B26BF}.Release|Any CPU.Build.0 = Release|Any CPU
	EndGlobalSection
	GlobalSection(SolutionProperties) = preSolution
		HideSolutionNode = FALSE
	EndGlobalSection
	GlobalSection(ExtensibilityGlobals) = postSolution
		SolutionGuid = {D95E88E3-FE36-4DFF-BCA5-2CA5932B2FCF}
	EndGlobalSection
EndGlobal
