
Microsoft Visual Studio Solution File, Format Version 12.00
# Visual Studio Version 17
VisualStudioVersion = 17.8.34330.188
MinimumVisualStudioVersion = 10.0.40219.1
Project("{FAE04EC0-301F-11D3-BF4B-00C04F79EFBC}") = "W3R_1_82", "W3R_1_82\W3R_1_82.csproj", "{F86C75D0-D840-4FFB-83AA-E6AC466D1809}"
EndProject
Global
	GlobalSection(SolutionConfigurationPlatforms) = preSolution
		Debug|Any CPU = Debug|Any CPU
		Release|Any CPU = Release|Any CPU
	EndGlobalSection
	GlobalSection(ProjectConfigurationPlatforms) = postSolution
		{F86C75D0-D840-4FFB-83AA-E6AC466D1809}.Debug|Any CPU.ActiveCfg = Debug|Any CPU
		{F86C75D0-D840-4FFB-83AA-E6AC466D1809}.Debug|Any CPU.Build.0 = Debug|Any CPU
		{F86C75D0-D840-4FFB-83AA-E6AC466D1809}.Release|Any CPU.ActiveCfg = Release|Any CPU
		{F86C75D0-D840-4FFB-83AA-E6AC466D1809}.Release|Any CPU.Build.0 = Release|Any CPU
	EndGlobalSection
	GlobalSection(SolutionProperties) = preSolution
		HideSolutionNode = FALSE
	EndGlobalSection
	GlobalSection(ExtensibilityGlobals) = postSolution
		SolutionGuid = {D3426CF5-8E58-4A4B-AE44-E2DB5359278A}
	EndGlobalSection
EndGlobal
