
Microsoft Visual Studio Solution File, Format Version 12.00
# Visual Studio Version 17
VisualStudioVersion = 17.8.34330.188
MinimumVisualStudioVersion = 10.0.40219.1
Project("{FAE04EC0-301F-11D3-BF4B-00C04F79EFBC}") = "GPT_OOP_3", "GPT_OOP_3\GPT_OOP_3.csproj", "{CC067797-D1CA-4CE7-AEAD-DB533894D820}"
EndProject
Global
	GlobalSection(SolutionConfigurationPlatforms) = preSolution
		Debug|Any CPU = Debug|Any CPU
		Release|Any CPU = Release|Any CPU
	EndGlobalSection
	GlobalSection(ProjectConfigurationPlatforms) = postSolution
		{CC067797-D1CA-4CE7-AEAD-DB533894D820}.Debug|Any CPU.ActiveCfg = Debug|Any CPU
		{CC067797-D1CA-4CE7-AEAD-DB533894D820}.Debug|Any CPU.Build.0 = Debug|Any CPU
		{CC067797-D1CA-4CE7-AEAD-DB533894D820}.Release|Any CPU.ActiveCfg = Release|Any CPU
		{CC067797-D1CA-4CE7-AEAD-DB533894D820}.Release|Any CPU.Build.0 = Release|Any CPU
	EndGlobalSection
	GlobalSection(SolutionProperties) = preSolution
		HideSolutionNode = FALSE
	EndGlobalSection
	GlobalSection(ExtensibilityGlobals) = postSolution
		SolutionGuid = {C3223106-70FD-4E79-B968-42A98DE16756}
	EndGlobalSection
EndGlobal
