
Microsoft Visual Studio Solution File, Format Version 12.00
# Visual Studio Version 17
VisualStudioVersion = 17.8.34330.188
MinimumVisualStudioVersion = 10.0.40219.1
Project("{FAE04EC0-301F-11D3-BF4B-00C04F79EFBC}") = "W3R_3_2", "W3R_3_2\W3R_3_2.csproj", "{7672CF62-41C7-4F6A-9361-02619F1DCC8B}"
EndProject
Global
	GlobalSection(SolutionConfigurationPlatforms) = preSolution
		Debug|Any CPU = Debug|Any CPU
		Release|Any CPU = Release|Any CPU
	EndGlobalSection
	GlobalSection(ProjectConfigurationPlatforms) = postSolution
		{7672CF62-41C7-4F6A-9361-02619F1DCC8B}.Debug|Any CPU.ActiveCfg = Debug|Any CPU
		{7672CF62-41C7-4F6A-9361-02619F1DCC8B}.Debug|Any CPU.Build.0 = Debug|Any CPU
		{7672CF62-41C7-4F6A-9361-02619F1DCC8B}.Release|Any CPU.ActiveCfg = Release|Any CPU
		{7672CF62-41C7-4F6A-9361-02619F1DCC8B}.Release|Any CPU.Build.0 = Release|Any CPU
	EndGlobalSection
	GlobalSection(SolutionProperties) = preSolution
		HideSolutionNode = FALSE
	EndGlobalSection
	GlobalSection(ExtensibilityGlobals) = postSolution
		SolutionGuid = {60CE3EEB-AD4B-4E6B-9DC1-A222D09FC315}
	EndGlobalSection
EndGlobal
