
Microsoft Visual Studio Solution File, Format Version 12.00
# Visual Studio Version 17
VisualStudioVersion = 17.8.34330.188
MinimumVisualStudioVersion = 10.0.40219.1
Project("{FAE04EC0-301F-11D3-BF4B-00C04F79EFBC}") = "W3R_1_22", "W3R_1_22\W3R_1_22.csproj", "{9DD354CB-090E-433C-8223-D2F5829C3155}"
EndProject
Global
	GlobalSection(SolutionConfigurationPlatforms) = preSolution
		Debug|Any CPU = Debug|Any CPU
		Release|Any CPU = Release|Any CPU
	EndGlobalSection
	GlobalSection(ProjectConfigurationPlatforms) = postSolution
		{9DD354CB-090E-433C-8223-D2F5829C3155}.Debug|Any CPU.ActiveCfg = Debug|Any CPU
		{9DD354CB-090E-433C-8223-D2F5829C3155}.Debug|Any CPU.Build.0 = Debug|Any CPU
		{9DD354CB-090E-433C-8223-D2F5829C3155}.Release|Any CPU.ActiveCfg = Release|Any CPU
		{9DD354CB-090E-433C-8223-D2F5829C3155}.Release|Any CPU.Build.0 = Release|Any CPU
	EndGlobalSection
	GlobalSection(SolutionProperties) = preSolution
		HideSolutionNode = FALSE
	EndGlobalSection
	GlobalSection(ExtensibilityGlobals) = postSolution
		SolutionGuid = {AEFA6E13-83EF-4D6F-ABC2-CF0153F35EC9}
	EndGlobalSection
EndGlobal
